// !$*UTF8*$!
{
	archiveVersion = 1;
	classes = {
	};
	objectVersion = 52;
	objects = {

/* Begin PBXBuildFile section */
		0966BB4B25EA4EF100A2C913 /* KView.swift in Sources */ = {isa = PBXBuildFile; fileRef = 0966BB4A25EA4EF100A2C913 /* KView.swift */; };
		0966BB4E25EA4EF900A2C913 /* KViewController.swift in Sources */ = {isa = PBXBuildFile; fileRef = 0966BB4D25EA4EF900A2C913 /* KViewController.swift */; };
		0966BB5225EA4FC200A2C913 /* Notification+KeyboardStuff.swift in Sources */ = {isa = PBXBuildFile; fileRef = 0966BB5125EA4FC200A2C913 /* Notification+KeyboardStuff.swift */; };
		0966BB5825EA510600A2C913 /* DesignReference.swift in Sources */ = {isa = PBXBuildFile; fileRef = 0966BB5725EA510600A2C913 /* DesignReference.swift */; };
		0966BB5C25EA516500A2C913 /* AdaptiveSizeCalculation.swift in Sources */ = {isa = PBXBuildFile; fileRef = 0966BB5B25EA516500A2C913 /* AdaptiveSizeCalculation.swift */; };
		0966BB6125EA52EA00A2C913 /* UIView+addSubviews.swift in Sources */ = {isa = PBXBuildFile; fileRef = 0966BB6025EA52EA00A2C913 /* UIView+addSubviews.swift */; };
		096D1AA725EA876000615578 /* AdaptiveSizeCalculationTest.swift in Sources */ = {isa = PBXBuildFile; fileRef = 096D1AA625EA876000615578 /* AdaptiveSizeCalculationTest.swift */; };
		096D1AA925EA876000615578 /* KaffToolkit.framework in Frameworks */ = {isa = PBXBuildFile; fileRef = 09D5459E25EA4A4500FA2DDD /* KaffToolkit.framework */; platformFilter = ios; };
		09C69E5C25EAA7C900FE97DF /* MockKView.swift in Sources */ = {isa = PBXBuildFile; fileRef = 09C69E5B25EAA7C900FE97DF /* MockKView.swift */; };
		09C69E6025EAA83F00FE97DF /* MockKViewController.swift in Sources */ = {isa = PBXBuildFile; fileRef = 09C69E5F25EAA83F00FE97DF /* MockKViewController.swift */; };
		09C69E6825EAA94C00FE97DF /* VC-BaseTest.swift in Sources */ = {isa = PBXBuildFile; fileRef = 09C69E6725EAA94C00FE97DF /* VC-BaseTest.swift */; };
		09C69E7125EABFA000FE97DF /* AddSubviewsTest.swift in Sources */ = {isa = PBXBuildFile; fileRef = 09C69E7025EABFA000FE97DF /* AddSubviewsTest.swift */; };
		09D545A325EA4A4500FA2DDD /* KaffToolkit.h in Headers */ = {isa = PBXBuildFile; fileRef = 09D545A125EA4A4500FA2DDD /* KaffToolkit.h */; settings = {ATTRIBUTES = (Public, ); }; };
/* End PBXBuildFile section */

/* Begin PBXContainerItemProxy section */
		096D1AAA25EA876000615578 /* PBXContainerItemProxy */ = {
			isa = PBXContainerItemProxy;
			containerPortal = 09D5459525EA4A4500FA2DDD /* Project object */;
			proxyType = 1;
			remoteGlobalIDString = 09D5459D25EA4A4500FA2DDD;
			remoteInfo = KaffToolkit;
		};
/* End PBXContainerItemProxy section */

/* Begin PBXFileReference section */
		0966BB4A25EA4EF100A2C913 /* KView.swift */ = {isa = PBXFileReference; lastKnownFileType = sourcecode.swift; path = KView.swift; sourceTree = "<group>"; };
		0966BB4D25EA4EF900A2C913 /* KViewController.swift */ = {isa = PBXFileReference; lastKnownFileType = sourcecode.swift; path = KViewController.swift; sourceTree = "<group>"; };
		0966BB5125EA4FC200A2C913 /* Notification+KeyboardStuff.swift */ = {isa = PBXFileReference; lastKnownFileType = sourcecode.swift; path = "Notification+KeyboardStuff.swift"; sourceTree = "<group>"; };
		0966BB5725EA510600A2C913 /* DesignReference.swift */ = {isa = PBXFileReference; lastKnownFileType = sourcecode.swift; path = DesignReference.swift; sourceTree = "<group>"; };
		0966BB5B25EA516500A2C913 /* AdaptiveSizeCalculation.swift */ = {isa = PBXFileReference; lastKnownFileType = sourcecode.swift; path = AdaptiveSizeCalculation.swift; sourceTree = "<group>"; };
		0966BB6025EA52EA00A2C913 /* UIView+addSubviews.swift */ = {isa = PBXFileReference; lastKnownFileType = sourcecode.swift; path = "UIView+addSubviews.swift"; sourceTree = "<group>"; };
		096D1AA425EA876000615578 /* KaffToolkitTests.xctest */ = {isa = PBXFileReference; explicitFileType = wrapper.cfbundle; includeInIndex = 0; path = KaffToolkitTests.xctest; sourceTree = BUILT_PRODUCTS_DIR; };
		096D1AA625EA876000615578 /* AdaptiveSizeCalculationTest.swift */ = {isa = PBXFileReference; lastKnownFileType = sourcecode.swift; path = AdaptiveSizeCalculationTest.swift; sourceTree = "<group>"; };
		096D1AA825EA876000615578 /* Info.plist */ = {isa = PBXFileReference; lastKnownFileType = text.plist.xml; path = Info.plist; sourceTree = "<group>"; };
		09C69E5B25EAA7C900FE97DF /* MockKView.swift */ = {isa = PBXFileReference; lastKnownFileType = sourcecode.swift; path = MockKView.swift; sourceTree = "<group>"; };
		09C69E5F25EAA83F00FE97DF /* MockKViewController.swift */ = {isa = PBXFileReference; lastKnownFileType = sourcecode.swift; path = MockKViewController.swift; sourceTree = "<group>"; };
		09C69E6725EAA94C00FE97DF /* VC-BaseTest.swift */ = {isa = PBXFileReference; lastKnownFileType = sourcecode.swift; path = "VC-BaseTest.swift"; sourceTree = "<group>"; };
		09C69E7025EABFA000FE97DF /* AddSubviewsTest.swift */ = {isa = PBXFileReference; lastKnownFileType = sourcecode.swift; path = AddSubviewsTest.swift; sourceTree = "<group>"; };
		09D5459E25EA4A4500FA2DDD /* KaffToolkit.framework */ = {isa = PBXFileReference; explicitFileType = wrapper.framework; includeInIndex = 0; path = KaffToolkit.framework; sourceTree = BUILT_PRODUCTS_DIR; };
		09D545A125EA4A4500FA2DDD /* KaffToolkit.h */ = {isa = PBXFileReference; lastKnownFileType = sourcecode.c.h; path = KaffToolkit.h; sourceTree = "<group>"; };
		09D545A225EA4A4500FA2DDD /* Info.plist */ = {isa = PBXFileReference; lastKnownFileType = text.plist.xml; path = Info.plist; sourceTree = "<group>"; };
/* End PBXFileReference section */

/* Begin PBXFrameworksBuildPhase section */
		096D1AA125EA876000615578 /* Frameworks */ = {
			isa = PBXFrameworksBuildPhase;
			buildActionMask = 2147483647;
			files = (
				096D1AA925EA876000615578 /* KaffToolkit.framework in Frameworks */,
			);
			runOnlyForDeploymentPostprocessing = 0;
		};
		09D5459B25EA4A4500FA2DDD /* Frameworks */ = {
			isa = PBXFrameworksBuildPhase;
			buildActionMask = 2147483647;
			files = (
			);
			runOnlyForDeploymentPostprocessing = 0;
		};
/* End PBXFrameworksBuildPhase section */

/* Begin PBXGroup section */
		0966BB4725EA4EAF00A2C913 /* Private */ = {
			isa = PBXGroup;
			children = (
				0966BB5025EA4F8000A2C913 /* CommonExtension */,
			);
			path = Private;
			sourceTree = "<group>";
		};
		0966BB4825EA4EB500A2C913 /* Public */ = {
			isa = PBXGroup;
			children = (
				0966BB5625EA50ED00A2C913 /* AdaptiveSize */,
				0966BB5F25EA528E00A2C913 /* AddSubviews */,
				0966BB4925EA4EDA00A2C913 /* VC-Base */,
			);
			path = Public;
			sourceTree = "<group>";
		};
		0966BB4925EA4EDA00A2C913 /* VC-Base */ = {
			isa = PBXGroup;
			children = (
				0966BB4A25EA4EF100A2C913 /* KView.swift */,
				0966BB4D25EA4EF900A2C913 /* KViewController.swift */,
			);
			path = "VC-Base";
			sourceTree = "<group>";
		};
		0966BB5025EA4F8000A2C913 /* CommonExtension */ = {
			isa = PBXGroup;
			children = (
				0966BB5125EA4FC200A2C913 /* Notification+KeyboardStuff.swift */,
			);
			path = CommonExtension;
			sourceTree = "<group>";
		};
		0966BB5625EA50ED00A2C913 /* AdaptiveSize */ = {
			isa = PBXGroup;
			children = (
				0966BB5725EA510600A2C913 /* DesignReference.swift */,
				0966BB5B25EA516500A2C913 /* AdaptiveSizeCalculation.swift */,
			);
			path = AdaptiveSize;
			sourceTree = "<group>";
		};
		0966BB5F25EA528E00A2C913 /* AddSubviews */ = {
			isa = PBXGroup;
			children = (
				0966BB6025EA52EA00A2C913 /* UIView+addSubviews.swift */,
			);
			path = AddSubviews;
			sourceTree = "<group>";
		};
		096D1AA525EA876000615578 /* KaffToolkitTests */ = {
			isa = PBXGroup;
			children = (
				09C69E5925EAA75F00FE97DF /* AdaptiveSize */,
				09C69E6F25EABEFF00FE97DF /* AddSubviews */,
				09C69E5A25EAA79F00FE97DF /* VC-Base */,
				096D1AA825EA876000615578 /* Info.plist */,
			);
			path = KaffToolkitTests;
			sourceTree = "<group>";
		};
		09C69E5925EAA75F00FE97DF /* AdaptiveSize */ = {
			isa = PBXGroup;
			children = (
				096D1AA625EA876000615578 /* AdaptiveSizeCalculationTest.swift */,
			);
			path = AdaptiveSize;
			sourceTree = "<group>";
		};
		09C69E5A25EAA79F00FE97DF /* VC-Base */ = {
			isa = PBXGroup;
			children = (
				09C69E5B25EAA7C900FE97DF /* MockKView.swift */,
				09C69E5F25EAA83F00FE97DF /* MockKViewController.swift */,
				09C69E6725EAA94C00FE97DF /* VC-BaseTest.swift */,
			);
			path = "VC-Base";
			sourceTree = "<group>";
		};
		09C69E6F25EABEFF00FE97DF /* AddSubviews */ = {
			isa = PBXGroup;
			children = (
				09C69E7025EABFA000FE97DF /* AddSubviewsTest.swift */,
			);
			path = AddSubviews;
			sourceTree = "<group>";
		};
		09D5459425EA4A4500FA2DDD = {
			isa = PBXGroup;
			children = (
				09D545A025EA4A4500FA2DDD /* KaffToolkit */,
				096D1AA525EA876000615578 /* KaffToolkitTests */,
				09D5459F25EA4A4500FA2DDD /* Products */,
			);
			sourceTree = "<group>";
		};
		09D5459F25EA4A4500FA2DDD /* Products */ = {
			isa = PBXGroup;
			children = (
				09D5459E25EA4A4500FA2DDD /* KaffToolkit.framework */,
				096D1AA425EA876000615578 /* KaffToolkitTests.xctest */,
			);
			name = Products;
			sourceTree = "<group>";
		};
		09D545A025EA4A4500FA2DDD /* KaffToolkit */ = {
			isa = PBXGroup;
			children = (
				0966BB4725EA4EAF00A2C913 /* Private */,
				0966BB4825EA4EB500A2C913 /* Public */,
				09D545A125EA4A4500FA2DDD /* KaffToolkit.h */,
				09D545A225EA4A4500FA2DDD /* Info.plist */,
			);
			path = KaffToolkit;
			sourceTree = "<group>";
		};
/* End PBXGroup section */

/* Begin PBXHeadersBuildPhase section */
		09D5459925EA4A4500FA2DDD /* Headers */ = {
			isa = PBXHeadersBuildPhase;
			buildActionMask = 2147483647;
			files = (
				09D545A325EA4A4500FA2DDD /* KaffToolkit.h in Headers */,
			);
			runOnlyForDeploymentPostprocessing = 0;
		};
/* End PBXHeadersBuildPhase section */

/* Begin PBXNativeTarget section */
		096D1AA325EA876000615578 /* KaffToolkitTests */ = {
			isa = PBXNativeTarget;
			buildConfigurationList = 096D1AAE25EA876000615578 /* Build configuration list for PBXNativeTarget "KaffToolkitTests" */;
			buildPhases = (
				096D1AA025EA876000615578 /* Sources */,
				096D1AA125EA876000615578 /* Frameworks */,
				096D1AA225EA876000615578 /* Resources */,
			);
			buildRules = (
			);
			dependencies = (
				096D1AAB25EA876000615578 /* PBXTargetDependency */,
			);
			name = KaffToolkitTests;
			productName = KaffToolkitTests;
			productReference = 096D1AA425EA876000615578 /* KaffToolkitTests.xctest */;
			productType = "com.apple.product-type.bundle.unit-test";
		};
		09D5459D25EA4A4500FA2DDD /* KaffToolkit */ = {
			isa = PBXNativeTarget;
			buildConfigurationList = 09D545A625EA4A4500FA2DDD /* Build configuration list for PBXNativeTarget "KaffToolkit" */;
			buildPhases = (
				09D5459925EA4A4500FA2DDD /* Headers */,
				09D5459A25EA4A4500FA2DDD /* Sources */,
				09D5459B25EA4A4500FA2DDD /* Frameworks */,
				09D5459C25EA4A4500FA2DDD /* Resources */,
			);
			buildRules = (
			);
			dependencies = (
			);
			name = KaffToolkit;
			productName = KaffToolkit;
			productReference = 09D5459E25EA4A4500FA2DDD /* KaffToolkit.framework */;
			productType = "com.apple.product-type.framework";
		};
/* End PBXNativeTarget section */

/* Begin PBXProject section */
		09D5459525EA4A4500FA2DDD /* Project object */ = {
			isa = PBXProject;
			attributes = {
				LastSwiftUpdateCheck = 1240;
				LastUpgradeCheck = 1240;
				TargetAttributes = {
					096D1AA325EA876000615578 = {
						CreatedOnToolsVersion = 12.4;
					};
					09D5459D25EA4A4500FA2DDD = {
						CreatedOnToolsVersion = 12.4;
						LastSwiftMigration = 1240;
					};
				};
			};
			buildConfigurationList = 09D5459825EA4A4500FA2DDD /* Build configuration list for PBXProject "KaffToolkit" */;
			compatibilityVersion = "Xcode 9.3";
			developmentRegion = en;
			hasScannedForEncodings = 0;
			knownRegions = (
				en,
				Base,
			);
			mainGroup = 09D5459425EA4A4500FA2DDD;
			productRefGroup = 09D5459F25EA4A4500FA2DDD /* Products */;
			projectDirPath = "";
			projectRoot = "";
			targets = (
				09D5459D25EA4A4500FA2DDD /* KaffToolkit */,
				096D1AA325EA876000615578 /* KaffToolkitTests */,
			);
		};
/* End PBXProject section */

/* Begin PBXResourcesBuildPhase section */
		096D1AA225EA876000615578 /* Resources */ = {
			isa = PBXResourcesBuildPhase;
			buildActionMask = 2147483647;
			files = (
			);
			runOnlyForDeploymentPostprocessing = 0;
		};
		09D5459C25EA4A4500FA2DDD /* Resources */ = {
			isa = PBXResourcesBuildPhase;
			buildActionMask = 2147483647;
			files = (
			);
			runOnlyForDeploymentPostprocessing = 0;
		};
/* End PBXResourcesBuildPhase section */

/* Begin PBXSourcesBuildPhase section */
		096D1AA025EA876000615578 /* Sources */ = {
			isa = PBXSourcesBuildPhase;
			buildActionMask = 2147483647;
			files = (
				09C69E5C25EAA7C900FE97DF /* MockKView.swift in Sources */,
				09C69E6825EAA94C00FE97DF /* VC-BaseTest.swift in Sources */,
				09C69E6025EAA83F00FE97DF /* MockKViewController.swift in Sources */,
				096D1AA725EA876000615578 /* AdaptiveSizeCalculationTest.swift in Sources */,
				09C69E7125EABFA000FE97DF /* AddSubviewsTest.swift in Sources */,
			);
			runOnlyForDeploymentPostprocessing = 0;
		};
		09D5459A25EA4A4500FA2DDD /* Sources */ = {
			isa = PBXSourcesBuildPhase;
			buildActionMask = 2147483647;
			files = (
				0966BB6125EA52EA00A2C913 /* UIView+addSubviews.swift in Sources */,
				0966BB5225EA4FC200A2C913 /* Notification+KeyboardStuff.swift in Sources */,
				0966BB5825EA510600A2C913 /* DesignReference.swift in Sources */,
				0966BB4E25EA4EF900A2C913 /* KViewController.swift in Sources */,
				0966BB4B25EA4EF100A2C913 /* KView.swift in Sources */,
				0966BB5C25EA516500A2C913 /* AdaptiveSizeCalculation.swift in Sources */,
			);
			runOnlyForDeploymentPostprocessing = 0;
		};
/* End PBXSourcesBuildPhase section */

/* Begin PBXTargetDependency section */
		096D1AAB25EA876000615578 /* PBXTargetDependency */ = {
			isa = PBXTargetDependency;
			platformFilter = ios;
			target = 09D5459D25EA4A4500FA2DDD /* KaffToolkit */;
			targetProxy = 096D1AAA25EA876000615578 /* PBXContainerItemProxy */;
		};
/* End PBXTargetDependency section */

/* Begin XCBuildConfiguration section */
		096D1AAC25EA876000615578 /* Debug */ = {
			isa = XCBuildConfiguration;
			buildSettings = {
				CODE_SIGN_STYLE = Automatic;
				INFOPLIST_FILE = KaffToolkitTests/Info.plist;
				IPHONEOS_DEPLOYMENT_TARGET = 14.4;
				LD_RUNPATH_SEARCH_PATHS = (
					"$(inherited)",
					"@executable_path/Frameworks",
					"@loader_path/Frameworks",
				);
				PRODUCT_BUNDLE_IDENTIFIER = kaff.KaffToolkitTests;
				PRODUCT_NAME = "$(TARGET_NAME)";
				SWIFT_VERSION = 5.0;
				TARGETED_DEVICE_FAMILY = "1,2";
			};
			name = Debug;
		};
		096D1AAD25EA876000615578 /* Release */ = {
			isa = XCBuildConfiguration;
			buildSettings = {
				CODE_SIGN_STYLE = Automatic;
				INFOPLIST_FILE = KaffToolkitTests/Info.plist;
				IPHONEOS_DEPLOYMENT_TARGET = 14.4;
				LD_RUNPATH_SEARCH_PATHS = (
					"$(inherited)",
					"@executable_path/Frameworks",
					"@loader_path/Frameworks",
				);
				PRODUCT_BUNDLE_IDENTIFIER = kaff.KaffToolkitTests;
				PRODUCT_NAME = "$(TARGET_NAME)";
				SWIFT_VERSION = 5.0;
				TARGETED_DEVICE_FAMILY = "1,2";
			};
			name = Release;
		};
		09D545A425EA4A4500FA2DDD /* Debug */ = {
			isa = XCBuildConfiguration;
			buildSettings = {
				ALWAYS_SEARCH_USER_PATHS = NO;
				CLANG_ANALYZER_NONNULL = YES;
				CLANG_ANALYZER_NUMBER_OBJECT_CONVERSION = YES_AGGRESSIVE;
				CLANG_CXX_LANGUAGE_STANDARD = "gnu++14";
				CLANG_CXX_LIBRARY = "libc++";
				CLANG_ENABLE_MODULES = YES;
				CLANG_ENABLE_OBJC_ARC = YES;
				CLANG_ENABLE_OBJC_WEAK = YES;
				CLANG_WARN_BLOCK_CAPTURE_AUTORELEASING = YES;
				CLANG_WARN_BOOL_CONVERSION = YES;
				CLANG_WARN_COMMA = YES;
				CLANG_WARN_CONSTANT_CONVERSION = YES;
				CLANG_WARN_DEPRECATED_OBJC_IMPLEMENTATIONS = YES;
				CLANG_WARN_DIRECT_OBJC_ISA_USAGE = YES_ERROR;
				CLANG_WARN_DOCUMENTATION_COMMENTS = YES;
				CLANG_WARN_EMPTY_BODY = YES;
				CLANG_WARN_ENUM_CONVERSION = YES;
				CLANG_WARN_INFINITE_RECURSION = YES;
				CLANG_WARN_INT_CONVERSION = YES;
				CLANG_WARN_NON_LITERAL_NULL_CONVERSION = YES;
				CLANG_WARN_OBJC_IMPLICIT_RETAIN_SELF = YES;
				CLANG_WARN_OBJC_LITERAL_CONVERSION = YES;
				CLANG_WARN_OBJC_ROOT_CLASS = YES_ERROR;
				CLANG_WARN_QUOTED_INCLUDE_IN_FRAMEWORK_HEADER = YES;
				CLANG_WARN_RANGE_LOOP_ANALYSIS = YES;
				CLANG_WARN_STRICT_PROTOTYPES = YES;
				CLANG_WARN_SUSPICIOUS_MOVE = YES;
				CLANG_WARN_UNGUARDED_AVAILABILITY = YES_AGGRESSIVE;
				CLANG_WARN_UNREACHABLE_CODE = YES;
				CLANG_WARN__DUPLICATE_METHOD_MATCH = YES;
				COPY_PHASE_STRIP = NO;
				CURRENT_PROJECT_VERSION = 1;
				DEBUG_INFORMATION_FORMAT = dwarf;
				ENABLE_STRICT_OBJC_MSGSEND = YES;
				ENABLE_TESTABILITY = YES;
				GCC_C_LANGUAGE_STANDARD = gnu11;
				GCC_DYNAMIC_NO_PIC = NO;
				GCC_NO_COMMON_BLOCKS = YES;
				GCC_OPTIMIZATION_LEVEL = 0;
				GCC_PREPROCESSOR_DEFINITIONS = (
					"DEBUG=1",
					"$(inherited)",
				);
				GCC_WARN_64_TO_32_BIT_CONVERSION = YES;
				GCC_WARN_ABOUT_RETURN_TYPE = YES_ERROR;
				GCC_WARN_UNDECLARED_SELECTOR = YES;
				GCC_WARN_UNINITIALIZED_AUTOS = YES_AGGRESSIVE;
				GCC_WARN_UNUSED_FUNCTION = YES;
				GCC_WARN_UNUSED_VARIABLE = YES;
				IPHONEOS_DEPLOYMENT_TARGET = 13.0;
				MTL_ENABLE_DEBUG_INFO = INCLUDE_SOURCE;
				MTL_FAST_MATH = YES;
				ONLY_ACTIVE_ARCH = YES;
				SDKROOT = iphoneos;
				SWIFT_ACTIVE_COMPILATION_CONDITIONS = DEBUG;
				SWIFT_OPTIMIZATION_LEVEL = "-Onone";
				VERSIONING_SYSTEM = "apple-generic";
				VERSION_INFO_PREFIX = "";
			};
			name = Debug;
		};
		09D545A525EA4A4500FA2DDD /* Release */ = {
			isa = XCBuildConfiguration;
			buildSettings = {
				ALWAYS_SEARCH_USER_PATHS = NO;
				CLANG_ANALYZER_NONNULL = YES;
				CLANG_ANALYZER_NUMBER_OBJECT_CONVERSION = YES_AGGRESSIVE;
				CLANG_CXX_LANGUAGE_STANDARD = "gnu++14";
				CLANG_CXX_LIBRARY = "libc++";
				CLANG_ENABLE_MODULES = YES;
				CLANG_ENABLE_OBJC_ARC = YES;
				CLANG_ENABLE_OBJC_WEAK = YES;
				CLANG_WARN_BLOCK_CAPTURE_AUTORELEASING = YES;
				CLANG_WARN_BOOL_CONVERSION = YES;
				CLANG_WARN_COMMA = YES;
				CLANG_WARN_CONSTANT_CONVERSION = YES;
				CLANG_WARN_DEPRECATED_OBJC_IMPLEMENTATIONS = YES;
				CLANG_WARN_DIRECT_OBJC_ISA_USAGE = YES_ERROR;
				CLANG_WARN_DOCUMENTATION_COMMENTS = YES;
				CLANG_WARN_EMPTY_BODY = YES;
				CLANG_WARN_ENUM_CONVERSION = YES;
				CLANG_WARN_INFINITE_RECURSION = YES;
				CLANG_WARN_INT_CONVERSION = YES;
				CLANG_WARN_NON_LITERAL_NULL_CONVERSION = YES;
				CLANG_WARN_OBJC_IMPLICIT_RETAIN_SELF = YES;
				CLANG_WARN_OBJC_LITERAL_CONVERSION = YES;
				CLANG_WARN_OBJC_ROOT_CLASS = YES_ERROR;
				CLANG_WARN_QUOTED_INCLUDE_IN_FRAMEWORK_HEADER = YES;
				CLANG_WARN_RANGE_LOOP_ANALYSIS = YES;
				CLANG_WARN_STRICT_PROTOTYPES = YES;
				CLANG_WARN_SUSPICIOUS_MOVE = YES;
				CLANG_WARN_UNGUARDED_AVAILABILITY = YES_AGGRESSIVE;
				CLANG_WARN_UNREACHABLE_CODE = YES;
				CLANG_WARN__DUPLICATE_METHOD_MATCH = YES;
				COPY_PHASE_STRIP = NO;
				CURRENT_PROJECT_VERSION = 1;
				DEBUG_INFORMATION_FORMAT = "dwarf-with-dsym";
				ENABLE_NS_ASSERTIONS = NO;
				ENABLE_STRICT_OBJC_MSGSEND = YES;
				GCC_C_LANGUAGE_STANDARD = gnu11;
				GCC_NO_COMMON_BLOCKS = YES;
				GCC_WARN_64_TO_32_BIT_CONVERSION = YES;
				GCC_WARN_ABOUT_RETURN_TYPE = YES_ERROR;
				GCC_WARN_UNDECLARED_SELECTOR = YES;
				GCC_WARN_UNINITIALIZED_AUTOS = YES_AGGRESSIVE;
				GCC_WARN_UNUSED_FUNCTION = YES;
				GCC_WARN_UNUSED_VARIABLE = YES;
				IPHONEOS_DEPLOYMENT_TARGET = 13.0;
				MTL_ENABLE_DEBUG_INFO = NO;
				MTL_FAST_MATH = YES;
				SDKROOT = iphoneos;
				SWIFT_COMPILATION_MODE = wholemodule;
				SWIFT_OPTIMIZATION_LEVEL = "-O";
				VALIDATE_PRODUCT = YES;
				VERSIONING_SYSTEM = "apple-generic";
				VERSION_INFO_PREFIX = "";
			};
			name = Release;
		};
		09D545A725EA4A4500FA2DDD /* Debug */ = {
			isa = XCBuildConfiguration;
			buildSettings = {
				CLANG_ENABLE_MODULES = YES;
				CODE_SIGN_STYLE = Automatic;
				DEFINES_MODULE = YES;
				DYLIB_COMPATIBILITY_VERSION = 1;
				DYLIB_CURRENT_VERSION = 1;
				DYLIB_INSTALL_NAME_BASE = "@rpath";
				INFOPLIST_FILE = KaffToolkit/Info.plist;
				INSTALL_PATH = "$(LOCAL_LIBRARY_DIR)/Frameworks";
				IPHONEOS_DEPLOYMENT_TARGET = 13.0;
				LD_RUNPATH_SEARCH_PATHS = (
					"$(inherited)",
					"@executable_path/Frameworks",
					"@loader_path/Frameworks",
				);
				MARKETING_VERSION = 1.0.0;
				PRODUCT_BUNDLE_IDENTIFIER = kaff.KaffToolkit;
				PRODUCT_NAME = "$(TARGET_NAME:c99extidentifier)";
				SKIP_INSTALL = YES;
				SUPPORTS_MACCATALYST = NO;
				SWIFT_OPTIMIZATION_LEVEL = "-Onone";
				SWIFT_VERSION = 5.0;
				TARGETED_DEVICE_FAMILY = 1;
			};
			name = Debug;
		};
		09D545A825EA4A4500FA2DDD /* Release */ = {
			isa = XCBuildConfiguration;
			buildSettings = {
				CLANG_ENABLE_MODULES = YES;
				CODE_SIGN_STYLE = Automatic;
				DEFINES_MODULE = YES;
				DYLIB_COMPATIBILITY_VERSION = 1;
				DYLIB_CURRENT_VERSION = 1;
				DYLIB_INSTALL_NAME_BASE = "@rpath";
				INFOPLIST_FILE = KaffToolkit/Info.plist;
				INSTALL_PATH = "$(LOCAL_LIBRARY_DIR)/Frameworks";
				IPHONEOS_DEPLOYMENT_TARGET = 13.0;
				LD_RUNPATH_SEARCH_PATHS = (
					"$(inherited)",
					"@executable_path/Frameworks",
					"@loader_path/Frameworks",
				);
				MARKETING_VERSION = 1.0.0;
				PRODUCT_BUNDLE_IDENTIFIER = kaff.KaffToolkit;
				PRODUCT_NAME = "$(TARGET_NAME:c99extidentifier)";
				SKIP_INSTALL = YES;
				SUPPORTS_MACCATALYST = NO;
				SWIFT_VERSION = 5.0;
				TARGETED_DEVICE_FAMILY = 1;
			};
			name = Release;
		};
/* End XCBuildConfiguration section */

/* Begin XCConfigurationList section */
		096D1AAE25EA876000615578 /* Build configuration list for PBXNativeTarget "KaffToolkitTests" */ = {
			isa = XCConfigurationList;
			buildConfigurations = (
				096D1AAC25EA876000615578 /* Debug */,
				096D1AAD25EA876000615578 /* Release */,
			);
			defaultConfigurationIsVisible = 0;
			defaultConfigurationName = Release;
		};
		09D5459825EA4A4500FA2DDD /* Build configuration list for PBXProject "KaffToolkit" */ = {
			isa = XCConfigurationList;
			buildConfigurations = (
				09D545A425EA4A4500FA2DDD /* Debug */,
				09D545A525EA4A4500FA2DDD /* Release */,
			);
			defaultConfigurationIsVisible = 0;
			defaultConfigurationName = Release;
		};
		09D545A625EA4A4500FA2DDD /* Build configuration list for PBXNativeTarget "KaffToolkit" */ = {
			isa = XCConfigurationList;
			buildConfigurations = (
				09D545A725EA4A4500FA2DDD /* Debug */,
				09D545A825EA4A4500FA2DDD /* Release */,
			);
			defaultConfigurationIsVisible = 0;
			defaultConfigurationName = Release;
		};
/* End XCConfigurationList section */
	};
	rootObject = 09D5459525EA4A4500FA2DDD /* Project object */;
}
